
Microsoft Visual Studio Solution File, Format Version 12.00
# Visual Studio Version 16
VisualStudioVersion = 16.0.31624.102
MinimumVisualStudioVersion = 10.0.40219.1
Project("{FAE04EC0-301F-11D3-BF4B-00C04F79EFBC}") = "ConsoleAppBrushUpInheritance", "ConsoleAppBrushUpInheritance\ConsoleAppBrushUpInheritance.csproj", "{1A9EC81D-F143-4FED-B43F-051BB054B187}"
EndProject
Global
	GlobalSection(SolutionConfigurationPlatforms) = preSolution
		Debug|Any CPU = Debug|Any CPU
		Release|Any CPU = Release|Any CPU
	EndGlobalSection
	GlobalSection(ProjectConfigurationPlatforms) = postSolution
		{1A9EC81D-F143-4FED-B43F-051BB054B187}.Debug|Any CPU.ActiveCfg = Debug|Any CPU
		{1A9EC81D-F143-4FED-B43F-051BB054B187}.Debug|Any CPU.Build.0 = Debug|Any CPU
		{1A9EC81D-F143-4FED-B43F-051BB054B187}.Release|Any CPU.ActiveCfg = Release|Any CPU
		{1A9EC81D-F143-4FED-B43F-051BB054B187}.Release|Any CPU.Build.0 = Release|Any CPU
	EndGlobalSection
	GlobalSection(SolutionProperties) = preSolution
		HideSolutionNode = FALSE
	EndGlobalSection
	GlobalSection(ExtensibilityGlobals) = postSolution
		SolutionGuid = {AEE64850-B7E7-4FC3-AFC9-6FAAEC4F82A3}
	EndGlobalSection
EndGlobal
